PODS:
  - DrumPads24Core (0.3.3)
  - DrumPads24LocalizationCore (0.1.3)
  - DrumPads24UICore (0.4.2):
    - DrumPads24LocalizationCore

DEPENDENCIES:
  - DrumPads24Core
  - DrumPads24UICore

SPEC REPOS:
  https://github.com/drumpads24/DrumPads24Specs.git:
    - DrumPads24Core
    - DrumPads24LocalizationCore
    - DrumPads24UICore

SPEC CHECKSUMS:
  DrumPads24Core: 93794b082aa099fa74d8a803dbb0b162c6275195
  DrumPads24LocalizationCore: b1b2bfb3b129ac8bbd5ca0da1376dc12cb9c3b68
  DrumPads24UICore: 2777c8cf7461a3ba0c45c212c5ea8b97a8e361d4

PODFILE CHECKSUM: 8c7ef528f40a57b8b56a890f9f48067063be3de0

COCOAPODS: 1.11.3
